
Microsoft Visual Studio Solution File, Format Version 12.00
# Visual Studio Version 17
VisualStudioVersion = 17.5.002.0
MinimumVisualStudioVersion = 10.0.40219.1
Project("{9A19103F-16F7-4668-BE54-9A1E7A4F7556}") = "Aula06", "Aula06\Aula06.csproj", "{0C3C5151-B85F-4ECD-B49C-CDBD15E78285}"
EndProject
Project("{9A19103F-16F7-4668-BE54-9A1E7A4F7556}") = "aula01", "aula01\aula01.csproj", "{1F2506FA-E8A5-4632-AACC-0D73F2D15246}"
EndProject
Project("{9A19103F-16F7-4668-BE54-9A1E7A4F7556}") = "aula04", "aula04\aula04.csproj", "{5220282B-4511-41BC-BCB4-5E7295DB1A6E}"
EndProject
Project("{9A19103F-16F7-4668-BE54-9A1E7A4F7556}") = "aula05", "aula05\aula05.csproj", "{B1C1A247-3DED-4F9B-9419-12A2D9D92949}"
EndProject
Global
	GlobalSection(SolutionConfigurationPlatforms) = preSolution
		Debug|Any CPU = Debug|Any CPU
		Release|Any CPU = Release|Any CPU
	EndGlobalSection
	GlobalSection(ProjectConfigurationPlatforms) = postSolution
		{0C3C5151-B85F-4ECD-B49C-CDBD15E78285}.Debug|Any CPU.ActiveCfg = Debug|Any CPU
		{0C3C5151-B85F-4ECD-B49C-CDBD15E78285}.Debug|Any CPU.Build.0 = Debug|Any CPU
		{0C3C5151-B85F-4ECD-B49C-CDBD15E78285}.Release|Any CPU.ActiveCfg = Release|Any CPU
		{0C3C5151-B85F-4ECD-B49C-CDBD15E78285}.Release|Any CPU.Build.0 = Release|Any CPU
		{1F2506FA-E8A5-4632-AACC-0D73F2D15246}.Debug|Any CPU.ActiveCfg = Debug|Any CPU
		{1F2506FA-E8A5-4632-AACC-0D73F2D15246}.Debug|Any CPU.Build.0 = Debug|Any CPU
		{1F2506FA-E8A5-4632-AACC-0D73F2D15246}.Release|Any CPU.ActiveCfg = Release|Any CPU
		{1F2506FA-E8A5-4632-AACC-0D73F2D15246}.Release|Any CPU.Build.0 = Release|Any CPU
		{5220282B-4511-41BC-BCB4-5E7295DB1A6E}.Debug|Any CPU.ActiveCfg = Debug|Any CPU
		{5220282B-4511-41BC-BCB4-5E7295DB1A6E}.Debug|Any CPU.Build.0 = Debug|Any CPU
		{5220282B-4511-41BC-BCB4-5E7295DB1A6E}.Release|Any CPU.ActiveCfg = Release|Any CPU
		{5220282B-4511-41BC-BCB4-5E7295DB1A6E}.Release|Any CPU.Build.0 = Release|Any CPU
		{B1C1A247-3DED-4F9B-9419-12A2D9D92949}.Debug|Any CPU.ActiveCfg = Debug|Any CPU
		{B1C1A247-3DED-4F9B-9419-12A2D9D92949}.Debug|Any CPU.Build.0 = Debug|Any CPU
		{B1C1A247-3DED-4F9B-9419-12A2D9D92949}.Release|Any CPU.ActiveCfg = Release|Any CPU
		{B1C1A247-3DED-4F9B-9419-12A2D9D92949}.Release|Any CPU.Build.0 = Release|Any CPU
	EndGlobalSection
	GlobalSection(SolutionProperties) = preSolution
		HideSolutionNode = FALSE
	EndGlobalSection
	GlobalSection(ExtensibilityGlobals) = postSolution
		SolutionGuid = {5DC2133D-3629-4C38-8715-413E076C3954}
	EndGlobalSection
EndGlobal
